{
  "name": "customactivity",
  "version": "1.0.0",
  "lockfileVersion": 3,
  "requires": true,
  "packages": {
    "": {
      "name": "customactivity",
      "version": "1.0.0",
      "license": "ISC",
      "dependencies": {
        "postmonger": "^0.0.16",
        "requirejs": "^2.3.7"
      }
    },
    "node_modules/postmonger": {
      "version": "0.0.16",
      "resolved": "https://registry.npmjs.org/postmonger/-/postmonger-0.0.16.tgz",
      "integrity": "sha512-K95me9cEvbnN4c11ErLTGJ6NAIsDw1lZvis+Ou+tv3gK/TbU3Gk0gwRsb4F8YXsUH/sQQsyzhvo9kgdzBekr2g==",
      "license": "BSD-3-Clause",
      "engines": {
        "node": ">=4.4.0"
      }
    },
    "node_modules/requirejs": {
      "version": "2.3.7",
      "resolved": "https://registry.npmjs.org/requirejs/-/requirejs-2.3.7.tgz",
      "integrity": "sha512-DouTG8T1WanGok6Qjg2SXuCMzszOo0eHeH9hDZ5Y4x8Je+9JB38HdTLT4/VA8OaUhBa0JPVHJ0pyBkM1z+pDsw==",
      "license": "MIT",
      "bin": {
        "r_js": "bin/r.js",
        "r.js": "bin/r.js"
      },
      "engines": {
        "node": ">=0.4.0"
      }
    }
  }
}
